Microsoft Visual Studio Solution File, Format Version 12.00
# Visual Studio Version 18
VisualStudioVersion = 18.6.11822.322 stable
MinimumVisualStudioVersion = 10.0.40219.1
Project("{8BC9CEB8-8B4A-11D0-8D11-00A0C91BC942}") = "ProjectorSwitch", "ProjectorSwitch\ProjectorSwitch.vcxproj", "{747F4BF5-60CF-4D9C-9586-A95C370B01AA}"
EndProject
Project("{2150E333-8FDC-42A3-9474-1A3956D46DE8}") = "Docs", "Docs", "{02EA681E-C7D8-13C7-8484-4AC65E1B71E8}"
	ProjectSection(SolutionItems) = preProject
		ToDo.txt = ToDo.txt
	EndProjectSection
EndProject
Project("{8BC9CEB8-8B4A-11D0-8D11-00A0C91BC942}") = "ApcMonitorCore", "..\ApcMonitorCore\ApcMonitorCore\ApcMonitorCore.vcxproj", "{B52EA748-BABE-450C-AB47-E052BFBEAA60}"
EndProject
Project("{8BC9CEB8-8B4A-11D0-8D11-00A0C91BC942}") = "ApcLogger", "..\ApcLogger\ApcLogger\ApcLogger.vcxproj", "{0116E484-6881-4FA2-A8EE-B4967AB22B12}"
EndProject
Project("{8BC9CEB8-8B4A-11D0-8D11-00A0C91BC942}") = "ApcLoggerTests", "..\ApcLogger\ApcLoggerTests\ApcLoggerTests.vcxproj", "{B7C3D4E5-F6A7-4890-BCDE-F12345678901}"
EndProject
Project("{8BC9CEB8-8B4A-11D0-8D11-00A0C91BC942}") = "ApcMonitorCore.Tests", "..\ApcMonitorCore\ApcMonitorCore.Tests\ApcMonitorCore.Tests.vcxproj", "{6BAA8C71-E642-4EF4-A1A6-C33931E41358}"
EndProject
Global
	GlobalSection(SolutionConfigurationPlatforms) = preSolution
		Debug|x64 = Debug|x64
		Debug|x86 = Debug|x86
		Release|x64 = Release|x64
		Release|x86 = Release|x86
	EndGlobalSection
	GlobalSection(ProjectConfigurationPlatforms) = postSolution
		{747F4BF5-60CF-4D9C-9586-A95C370B01AA}.Debug|x64.ActiveCfg = Debug|x64
		{747F4BF5-60CF-4D9C-9586-A95C370B01AA}.Debug|x64.Build.0 = Debug|x64
		{747F4BF5-60CF-4D9C-9586-A95C370B01AA}.Debug|x86.ActiveCfg = Debug|Win32
		{747F4BF5-60CF-4D9C-9586-A95C370B01AA}.Debug|x86.Build.0 = Debug|Win32
		{747F4BF5-60CF-4D9C-9586-A95C370B01AA}.Release|x64.ActiveCfg = Release|x64
		{747F4BF5-60CF-4D9C-9586-A95C370B01AA}.Release|x64.Build.0 = Release|x64
		{747F4BF5-60CF-4D9C-9586-A95C370B01AA}.Release|x86.ActiveCfg = Release|Win32
		{747F4BF5-60CF-4D9C-9586-A95C370B01AA}.Release|x86.Build.0 = Release|Win32
		{B52EA748-BABE-450C-AB47-E052BFBEAA60}.Debug|x64.ActiveCfg = Debug|x64
		{B52EA748-BABE-450C-AB47-E052BFBEAA60}.Debug|x64.Build.0 = Debug|x64
		{B52EA748-BABE-450C-AB47-E052BFBEAA60}.Debug|x86.ActiveCfg = Debug|Win32
		{B52EA748-BABE-450C-AB47-E052BFBEAA60}.Debug|x86.Build.0 = Debug|Win32
		{B52EA748-BABE-450C-AB47-E052BFBEAA60}.Release|x64.ActiveCfg = Release|x64
		{B52EA748-BABE-450C-AB47-E052BFBEAA60}.Release|x64.Build.0 = Release|x64
		{B52EA748-BABE-450C-AB47-E052BFBEAA60}.Release|x86.ActiveCfg = Release|Win32
		{B52EA748-BABE-450C-AB47-E052BFBEAA60}.Release|x86.Build.0 = Release|Win32
		{0116E484-6881-4FA2-A8EE-B4967AB22B12}.Debug|x64.ActiveCfg = Debug|x64
		{0116E484-6881-4FA2-A8EE-B4967AB22B12}.Debug|x64.Build.0 = Debug|x64
		{0116E484-6881-4FA2-A8EE-B4967AB22B12}.Debug|x86.ActiveCfg = Debug|Win32
		{0116E484-6881-4FA2-A8EE-B4967AB22B12}.Debug|x86.Build.0 = Debug|Win32
		{0116E484-6881-4FA2-A8EE-B4967AB22B12}.Release|x64.ActiveCfg = Release|x64
		{0116E484-6881-4FA2-A8EE-B4967AB22B12}.Release|x64.Build.0 = Release|x64
		{0116E484-6881-4FA2-A8EE-B4967AB22B12}.Release|x86.ActiveCfg = Release|Win32
		{0116E484-6881-4FA2-A8EE-B4967AB22B12}.Release|x86.Build.0 = Release|Win32
		{B7C3D4E5-F6A7-4890-BCDE-F12345678901}.Debug|x64.ActiveCfg = Debug|x64
		{B7C3D4E5-F6A7-4890-BCDE-F12345678901}.Debug|x64.Build.0 = Debug|x64
		{B7C3D4E5-F6A7-4890-BCDE-F12345678901}.Debug|x86.ActiveCfg = Debug|Win32
		{B7C3D4E5-F6A7-4890-BCDE-F12345678901}.Debug|x86.Build.0 = Debug|Win32
		{B7C3D4E5-F6A7-4890-BCDE-F12345678901}.Release|x64.ActiveCfg = Release|x64
		{B7C3D4E5-F6A7-4890-BCDE-F12345678901}.Release|x64.Build.0 = Release|x64
		{B7C3D4E5-F6A7-4890-BCDE-F12345678901}.Release|x86.ActiveCfg = Release|Win32
		{B7C3D4E5-F6A7-4890-BCDE-F12345678901}.Release|x86.Build.0 = Release|Win32
		{6BAA8C71-E642-4EF4-A1A6-C33931E41358}.Debug|x64.ActiveCfg = Debug|x64
		{6BAA8C71-E642-4EF4-A1A6-C33931E41358}.Debug|x64.Build.0 = Debug|x64
		{6BAA8C71-E642-4EF4-A1A6-C33931E41358}.Debug|x86.ActiveCfg = Debug|x64
		{6BAA8C71-E642-4EF4-A1A6-C33931E41358}.Debug|x86.Build.0 = Debug|x64
		{6BAA8C71-E642-4EF4-A1A6-C33931E41358}.Release|x64.ActiveCfg = Release|x64
		{6BAA8C71-E642-4EF4-A1A6-C33931E41358}.Release|x64.Build.0 = Release|x64
		{6BAA8C71-E642-4EF4-A1A6-C33931E41358}.Release|x86.ActiveCfg = Release|x64
		{6BAA8C71-E642-4EF4-A1A6-C33931E41358}.Release|x86.Build.0 = Release|x64
	EndGlobalSection
	GlobalSection(SolutionProperties) = preSolution
		HideSolutionNode = FALSE
	EndGlobalSection
	GlobalSection(ExtensibilityGlobals) = postSolution
		SolutionGuid = {49E541A5-35A8-4800-B3C7-81D80AF722D1}
	EndGlobalSection
EndGlobal
